// !$*UTF8*$!
{
	archiveVersion = 1;
	classes = {
	};
	objectVersion = 50;
	objects = {

/* Begin PBXBuildFile section */
		9B05F7C223CD5ABD006E275A /* AppDelegate.swift in Sources */ = {isa = PBXBuildFile; fileRef = 9B05F7C123CD5ABD006E275A /* AppDelegate.swift */; };
		9B05F7C423CD5ABD006E275A /* SceneDelegate.swift in Sources */ = {isa = PBXBuildFile; fileRef = 9B05F7C323CD5ABD006E275A /* SceneDelegate.swift */; };
		9B05F7C623CD5ABD006E275A /* ViewController.swift in Sources */ = {isa = PBXBuildFile; fileRef = 9B05F7C523CD5ABD006E275A /* ViewController.swift */; };
		9B05F7C923CD5ABD006E275A /* Main.storyboard in Resources */ = {isa = PBXBuildFile; fileRef = 9B05F7C723CD5ABD006E275A /* Main.storyboard */; };
		9B05F7CB23CD5ABF006E275A /* Assets.xcassets in Resources */ = {isa = PBXBuildFile; fileRef = 9B05F7CA23CD5ABF006E275A /* Assets.xcassets */; };
		9B05F7CE23CD5ABF006E275A /* LaunchScreen.storyboard in Resources */ = {isa = PBXBuildFile; fileRef = 9B05F7CC23CD5ABF006E275A /* LaunchScreen.storyboard */; };
		9B05F7D923CD5ABF006E275A /* iosExercise3Tests.swift in Sources */ = {isa = PBXBuildFile; fileRef = 9B05F7D823CD5ABF006E275A /* iosExercise3Tests.swift */; };
		9B05F7E423CD5ABF006E275A /* iosExercise3UITests.swift in Sources */ = {isa = PBXBuildFile; fileRef = 9B05F7E323CD5ABF006E275A /* iosExercise3UITests.swift */; };
/* End PBXBuildFile section */

/* Begin PBXContainerItemProxy section */
		9B05F7D523CD5ABF006E275A /* PBXContainerItemProxy */ = {
			isa = PBXContainerItemProxy;
			containerPortal = 9B05F7B623CD5ABC006E275A /* Project object */;
			proxyType = 1;
			remoteGlobalIDString = 9B05F7BD23CD5ABC006E275A;
			remoteInfo = iosExercise3;
		};
		9B05F7E023CD5ABF006E275A /* PBXContainerItemProxy */ = {
			isa = PBXContainerItemProxy;
			containerPortal = 9B05F7B623CD5ABC006E275A /* Project object */;
			proxyType = 1;
			remoteGlobalIDString = 9B05F7BD23CD5ABC006E275A;
			remoteInfo = iosExercise3;
		};
/* End PBXContainerItemProxy section */

/* Begin PBXFileReference section */
		9B05F7BE23CD5ABC006E275A /* iosExercise3.app */ = {isa = PBXFileReference; explicitFileType = wrapper.application; includeInIndex = 0; path = iosExercise3.app; sourceTree = BUILT_PRODUCTS_DIR; };
		9B05F7C123CD5ABD006E275A /* AppDelegate.swift */ = {isa = PBXFileReference; lastKnownFileType = sourcecode.swift; path = AppDelegate.swift; sourceTree = "<group>"; };
		9B05F7C323CD5ABD006E275A /* SceneDelegate.swift */ = {isa = PBXFileReference; lastKnownFileType = sourcecode.swift; path = SceneDelegate.swift; sourceTree = "<group>"; };
		9B05F7C523CD5ABD006E275A /* ViewController.swift */ = {isa = PBXFileReference; lastKnownFileType = sourcecode.swift; path = ViewController.swift; sourceTree = "<group>"; };
		9B05F7C823CD5ABD006E275A /* Base */ = {isa = PBXFileReference; lastKnownFileType = file.storyboard; name = Base; path = Base.lproj/Main.storyboard; sourceTree = "<group>"; };
		9B05F7CA23CD5ABF006E275A /* Assets.xcassets */ = {isa = PBXFileReference; lastKnownFileType = folder.assetcatalog; path = Assets.xcassets; sourceTree = "<group>"; };
		9B05F7CD23CD5ABF006E275A /* Base */ = {isa = PBXFileReference; lastKnownFileType = file.storyboard; name = Base; path = Base.lproj/LaunchScreen.storyboard; sourceTree = "<group>"; };
		9B05F7CF23CD5ABF006E275A /* Info.plist */ = {isa = PBXFileReference; lastKnownFileType = text.plist.xml; path = Info.plist; sourceTree = "<group>"; };
		9B05F7D423CD5ABF006E275A /* iosExercise3Tests.xctest */ = {isa = PBXFileReference; explicitFileType = wrapper.cfbundle; includeInIndex = 0; path = iosExercise3Tests.xctest; sourceTree = BUILT_PRODUCTS_DIR; };
		9B05F7D823CD5ABF006E275A /* iosExercise3Tests.swift */ = {isa = PBXFileReference; lastKnownFileType = sourcecode.swift; path = iosExercise3Tests.swift; sourceTree = "<group>"; };
		9B05F7DA23CD5ABF006E275A /* Info.plist */ = {isa = PBXFileReference; lastKnownFileType = text.plist.xml; path = Info.plist; sourceTree = "<group>"; };
		9B05F7DF23CD5ABF006E275A /* iosExercise3UITests.xctest */ = {isa = PBXFileReference; explicitFileType = wrapper.cfbundle; includeInIndex = 0; path = iosExercise3UITests.xctest; sourceTree = BUILT_PRODUCTS_DIR; };
		9B05F7E323CD5ABF006E275A /* iosExercise3UITests.swift */ = {isa = PBXFileReference; lastKnownFileType = sourcecode.swift; path = iosExercise3UITests.swift; sourceTree = "<group>"; };
		9B05F7E523CD5ABF006E275A /* Info.plist */ = {isa = PBXFileReference; lastKnownFileType = text.plist.xml; path = Info.plist; sourceTree = "<group>"; };
/* End PBXFileReference section */

/* Begin PBXFrameworksBuildPhase section */
		9B05F7BB23CD5ABC006E275A /* Frameworks */ = {
			isa = PBXFrameworksBuildPhase;
			buildActionMask = 2147483647;
			files = (
			);
			runOnlyForDeploymentPostprocessing = 0;
		};
		9B05F7D123CD5ABF006E275A /* Frameworks */ = {
			isa = PBXFrameworksBuildPhase;
			buildActionMask = 2147483647;
			files = (
			);
			runOnlyForDeploymentPostprocessing = 0;
		};
		9B05F7DC23CD5ABF006E275A /* Frameworks */ = {
			isa = PBXFrameworksBuildPhase;
			buildActionMask = 2147483647;
			files = (
			);
			runOnlyForDeploymentPostprocessing = 0;
		};
/* End PBXFrameworksBuildPhase section */

/* Begin PBXGroup section */
		9B05F7B523CD5ABC006E275A = {
			isa = PBXGroup;
			children = (
				9B05F7C023CD5ABC006E275A /* iosExercise3 */,
				9B05F7D723CD5ABF006E275A /* iosExercise3Tests */,
				9B05F7E223CD5ABF006E275A /* iosExercise3UITests */,
				9B05F7BF23CD5ABC006E275A /* Products */,
			);
			sourceTree = "<group>";
		};
		9B05F7BF23CD5ABC006E275A /* Products */ = {
			isa = PBXGroup;
			children = (
				9B05F7BE23CD5ABC006E275A /* iosExercise3.app */,
				9B05F7D423CD5ABF006E275A /* iosExercise3Tests.xctest */,
				9B05F7DF23CD5ABF006E275A /* iosExercise3UITests.xctest */,
			);
			name = Products;
			sourceTree = "<group>";
		};
		9B05F7C023CD5ABC006E275A /* iosExercise3 */ = {
			isa = PBXGroup;
			children = (
				9B05F7C123CD5ABD006E275A /* AppDelegate.swift */,
				9B05F7C323CD5ABD006E275A /* SceneDelegate.swift */,
				9B05F7C523CD5ABD006E275A /* ViewController.swift */,
				9B05F7C723CD5ABD006E275A /* Main.storyboard */,
				9B05F7CA23CD5ABF006E275A /* Assets.xcassets */,
				9B05F7CC23CD5ABF006E275A /* LaunchScreen.storyboard */,
				9B05F7CF23CD5ABF006E275A /* Info.plist */,
			);
			path = iosExercise3;
			sourceTree = "<group>";
		};
		9B05F7D723CD5ABF006E275A /* iosExercise3Tests */ = {
			isa = PBXGroup;
			children = (
				9B05F7D823CD5ABF006E275A /* iosExercise3Tests.swift */,
				9B05F7DA23CD5ABF006E275A /* Info.plist */,
			);
			path = iosExercise3Tests;
			sourceTree = "<group>";
		};
		9B05F7E223CD5ABF006E275A /* iosExercise3UITests */ = {
			isa = PBXGroup;
			children = (
				9B05F7E323CD5ABF006E275A /* iosExercise3UITests.swift */,
				9B05F7E523CD5ABF006E275A /* Info.plist */,
			);
			path = iosExercise3UITests;
			sourceTree = "<group>";
		};
/* End PBXGroup section */

/* Begin PBXNativeTarget section */
		9B05F7BD23CD5ABC006E275A /* iosExercise3 */ = {
			isa = PBXNativeTarget;
			buildConfigurationList = 9B05F7E823CD5ABF006E275A /* Build configuration list for PBXNativeTarget "iosExercise3" */;
			buildPhases = (
				9B05F7BA23CD5ABC006E275A /* Sources */,
				9B05F7BB23CD5ABC006E275A /* Frameworks */,
				9B05F7BC23CD5ABC006E275A /* Resources */,
			);
			buildRules = (
			);
			dependencies = (
			);
			name = iosExercise3;
			productName = iosExercise3;
			productReference = 9B05F7BE23CD5ABC006E275A /* iosExercise3.app */;
			productType = "com.apple.product-type.application";
		};
		9B05F7D323CD5ABF006E275A /* iosExercise3Tests */ = {
			isa = PBXNativeTarget;
			buildConfigurationList = 9B05F7EB23CD5ABF006E275A /* Build configuration list for PBXNativeTarget "iosExercise3Tests" */;
			buildPhases = (
				9B05F7D023CD5ABF006E275A /* Sources */,
				9B05F7D123CD5ABF006E275A /* Frameworks */,
				9B05F7D223CD5ABF006E275A /* Resources */,
			);
			buildRules = (
			);
			dependencies = (
				9B05F7D623CD5ABF006E275A /* PBXTargetDependency */,
			);
			name = iosExercise3Tests;
			productName = iosExercise3Tests;
			productReference = 9B05F7D423CD5ABF006E275A /* iosExercise3Tests.xctest */;
			productType = "com.apple.product-type.bundle.unit-test";
		};
		9B05F7DE23CD5ABF006E275A /* iosExercise3UITests */ = {
			isa = PBXNativeTarget;
			buildConfigurationList = 9B05F7EE23CD5ABF006E275A /* Build configuration list for PBXNativeTarget "iosExercise3UITests" */;
			buildPhases = (
				9B05F7DB23CD5ABF006E275A /* Sources */,
				9B05F7DC23CD5ABF006E275A /* Frameworks */,
				9B05F7DD23CD5ABF006E275A /* Resources */,
			);
			buildRules = (
			);
			dependencies = (
				9B05F7E123CD5ABF006E275A /* PBXTargetDependency */,
			);
			name = iosExercise3UITests;
			productName = iosExercise3UITests;
			productReference = 9B05F7DF23CD5ABF006E275A /* iosExercise3UITests.xctest */;
			productType = "com.apple.product-type.bundle.ui-testing";
		};
/* End PBXNativeTarget section */

/* Begin PBXProject section */
		9B05F7B623CD5ABC006E275A /* Project object */ = {
			isa = PBXProject;
			attributes = {
				LastSwiftUpdateCheck = 1130;
				LastUpgradeCheck = 1130;
				ORGANIZATIONNAME = "Kuldeep Singh";
				TargetAttributes = {
					9B05F7BD23CD5ABC006E275A = {
						CreatedOnToolsVersion = 11.3;
					};
					9B05F7D323CD5ABF006E275A = {
						CreatedOnToolsVersion = 11.3;
						TestTargetID = 9B05F7BD23CD5ABC006E275A;
					};
					9B05F7DE23CD5ABF006E275A = {
						CreatedOnToolsVersion = 11.3;
						TestTargetID = 9B05F7BD23CD5ABC006E275A;
					};
				};
			};
			buildConfigurationList = 9B05F7B923CD5ABC006E275A /* Build configuration list for PBXProject "iosExercise3" */;
			compatibilityVersion = "Xcode 9.3";
			developmentRegion = en;
			hasScannedForEncodings = 0;
			knownRegions = (
				en,
				Base,
			);
			mainGroup = 9B05F7B523CD5ABC006E275A;
			productRefGroup = 9B05F7BF23CD5ABC006E275A /* Products */;
			projectDirPath = "";
			projectRoot = "";
			targets = (
				9B05F7BD23CD5ABC006E275A /* iosExercise3 */,
				9B05F7D323CD5ABF006E275A /* iosExercise3Tests */,
				9B05F7DE23CD5ABF006E275A /* iosExercise3UITests */,
			);
		};
/* End PBXProject section */

/* Begin PBXResourcesBuildPhase section */
		9B05F7BC23CD5ABC006E275A /* Resources */ = {
			isa = PBXResourcesBuildPhase;
			buildActionMask = 2147483647;
			files = (
				9B05F7CE23CD5ABF006E275A /* LaunchScreen.storyboard in Resources */,
				9B05F7CB23CD5ABF006E275A /* Assets.xcassets in Resources */,
				9B05F7C923CD5ABD006E275A /* Main.storyboard in Resources */,
			);
			runOnlyForDeploymentPostprocessing = 0;
		};
		9B05F7D223CD5ABF006E275A /* Resources */ = {
			isa = PBXResourcesBuildPhase;
			buildActionMask = 2147483647;
			files = (
			);
			runOnlyForDeploymentPostprocessing = 0;
		};
		9B05F7DD23CD5ABF006E275A /* Resources */ = {
			isa = PBXResourcesBuildPhase;
			buildActionMask = 2147483647;
			files = (
			);
			runOnlyForDeploymentPostprocessing = 0;
		};
/* End PBXResourcesBuildPhase section */

/* Begin PBXSourcesBuildPhase section */
		9B05F7BA23CD5ABC006E275A /* Sources */ = {
			isa = PBXSourcesBuildPhase;
			buildActionMask = 2147483647;
			files = (
				9B05F7C623CD5ABD006E275A /* ViewController.swift in Sources */,
				9B05F7C223CD5ABD006E275A /* AppDelegate.swift in Sources */,
				9B05F7C423CD5ABD006E275A /* SceneDelegate.swift in Sources */,
			);
			runOnlyForDeploymentPostprocessing = 0;
		};
		9B05F7D023CD5ABF006E275A /* Sources */ = {
			isa = PBXSourcesBuildPhase;
			buildActionMask = 2147483647;
			files = (
				9B05F7D923CD5ABF006E275A /* iosExercise3Tests.swift in Sources */,
			);
			runOnlyForDeploymentPostprocessing = 0;
		};
		9B05F7DB23CD5ABF006E275A /* Sources */ = {
			isa = PBXSourcesBuildPhase;
			buildActionMask = 2147483647;
			files = (
				9B05F7E423CD5ABF006E275A /* iosExercise3UITests.swift in Sources */,
			);
			runOnlyForDeploymentPostprocessing = 0;
		};
/* End PBXSourcesBuildPhase section */

/* Begin PBXTargetDependency section */
		9B05F7D623CD5ABF006E275A /* PBXTargetDependency */ = {
			isa = PBXTargetDependency;
			target = 9B05F7BD23CD5ABC006E275A /* iosExercise3 */;
			targetProxy = 9B05F7D523CD5ABF006E275A /* PBXContainerItemProxy */;
		};
		9B05F7E123CD5ABF006E275A /* PBXTargetDependency */ = {
			isa = PBXTargetDependency;
			target = 9B05F7BD23CD5ABC006E275A /* iosExercise3 */;
			targetProxy = 9B05F7E023CD5ABF006E275A /* PBXContainerItemProxy */;
		};
/* End PBXTargetDependency section */

/* Begin PBXVariantGroup section */
		9B05F7C723CD5ABD006E275A /* Main.storyboard */ = {
			isa = PBXVariantGroup;
			children = (
				9B05F7C823CD5ABD006E275A /* Base */,
			);
			name = Main.storyboard;
			sourceTree = "<group>";
		};
		9B05F7CC23CD5ABF006E275A /* LaunchScreen.storyboard */ = {
			isa = PBXVariantGroup;
			children = (
				9B05F7CD23CD5ABF006E275A /* Base */,
			);
			name = LaunchScreen.storyboard;
			sourceTree = "<group>";
		};
/* End PBXVariantGroup section */

/* Begin XCBuildConfiguration section */
		9B05F7E623CD5ABF006E275A /* Debug */ = {
			isa = XCBuildConfiguration;
			buildSettings = {
				ALWAYS_SEARCH_USER_PATHS = NO;
				CLANG_ANALYZER_NONNULL = YES;
				CLANG_ANALYZER_NUMBER_OBJECT_CONVERSION = YES_AGGRESSIVE;
				CLANG_CXX_LANGUAGE_STANDARD = "gnu++14";
				CLANG_CXX_LIBRARY = "libc++";
				CLANG_ENABLE_MODULES = YES;
				CLANG_ENABLE_OBJC_ARC = YES;
				CLANG_ENABLE_OBJC_WEAK = YES;
				CLANG_WARN_BLOCK_CAPTURE_AUTORELEASING = YES;
				CLANG_WARN_BOOL_CONVERSION = YES;
				CLANG_WARN_COMMA = YES;
				CLANG_WARN_CONSTANT_CONVERSION = YES;
				CLANG_WARN_DEPRECATED_OBJC_IMPLEMENTATIONS = YES;
				CLANG_WARN_DIRECT_OBJC_ISA_USAGE = YES_ERROR;
				CLANG_WARN_DOCUMENTATION_COMMENTS = YES;
				CLANG_WARN_EMPTY_BODY = YES;
				CLANG_WARN_ENUM_CONVERSION = YES;
				CLANG_WARN_INFINITE_RECURSION = YES;
				CLANG_WARN_INT_CONVERSION = YES;
				CLANG_WARN_NON_LITERAL_NULL_CONVERSION = YES;
				CLANG_WARN_OBJC_IMPLICIT_RETAIN_SELF = YES;
				CLANG_WARN_OBJC_LITERAL_CONVERSION = YES;
				CLANG_WARN_OBJC_ROOT_CLASS = YES_ERROR;
				CLANG_WARN_RANGE_LOOP_ANALYSIS = YES;
				CLANG_WARN_STRICT_PROTOTYPES = YES;
				CLANG_WARN_SUSPICIOUS_MOVE = YES;
				CLANG_WARN_UNGUARDED_AVAILABILITY = YES_AGGRESSIVE;
				CLANG_WARN_UNREACHABLE_CODE = YES;
				CLANG_WARN__DUPLICATE_METHOD_MATCH = YES;
				COPY_PHASE_STRIP = NO;
				DEBUG_INFORMATION_FORMAT = dwarf;
				ENABLE_STRICT_OBJC_MSGSEND = YES;
				ENABLE_TESTABILITY = YES;
				GCC_C_LANGUAGE_STANDARD = gnu11;
				GCC_DYNAMIC_NO_PIC = NO;
				GCC_NO_COMMON_BLOCKS = YES;
				GCC_OPTIMIZATION_LEVEL = 0;
				GCC_PREPROCESSOR_DEFINITIONS = (
					"DEBUG=1",
					"$(inherited)",
				);
				GCC_WARN_64_TO_32_BIT_CONVERSION = YES;
				GCC_WARN_ABOUT_RETURN_TYPE = YES_ERROR;
				GCC_WARN_UNDECLARED_SELECTOR = YES;
				GCC_WARN_UNINITIALIZED_AUTOS = YES_AGGRESSIVE;
				GCC_WARN_UNUSED_FUNCTION = YES;
				GCC_WARN_UNUSED_VARIABLE = YES;
				IPHONEOS_DEPLOYMENT_TARGET = 13.2;
				MTL_ENABLE_DEBUG_INFO = INCLUDE_SOURCE;
				MTL_FAST_MATH = YES;
				ONLY_ACTIVE_ARCH = YES;
				SDKROOT = iphoneos;
				SWIFT_ACTIVE_COMPILATION_CONDITIONS = DEBUG;
				SWIFT_OPTIMIZATION_LEVEL = "-Onone";
			};
			name = Debug;
		};
		9B05F7E723CD5ABF006E275A /* Release */ = {
			isa = XCBuildConfiguration;
			buildSettings = {
				ALWAYS_SEARCH_USER_PATHS = NO;
				CLANG_ANALYZER_NONNULL = YES;
				CLANG_ANALYZER_NUMBER_OBJECT_CONVERSION = YES_AGGRESSIVE;
				CLANG_CXX_LANGUAGE_STANDARD = "gnu++14";
				CLANG_CXX_LIBRARY = "libc++";
				CLANG_ENABLE_MODULES = YES;
				CLANG_ENABLE_OBJC_ARC = YES;
				CLANG_ENABLE_OBJC_WEAK = YES;
				CLANG_WARN_BLOCK_CAPTURE_AUTORELEASING = YES;
				CLANG_WARN_BOOL_CONVERSION = YES;
				CLANG_WARN_COMMA = YES;
				CLANG_WARN_CONSTANT_CONVERSION = YES;
				CLANG_WARN_DEPRECATED_OBJC_IMPLEMENTATIONS = YES;
				CLANG_WARN_DIRECT_OBJC_ISA_USAGE = YES_ERROR;
				CLANG_WARN_DOCUMENTATION_COMMENTS = YES;
				CLANG_WARN_EMPTY_BODY = YES;
				CLANG_WARN_ENUM_CONVERSION = YES;
				CLANG_WARN_INFINITE_RECURSION = YES;
				CLANG_WARN_INT_CONVERSION = YES;
				CLANG_WARN_NON_LITERAL_NULL_CONVERSION = YES;
				CLANG_WARN_OBJC_IMPLICIT_RETAIN_SELF = YES;
				CLANG_WARN_OBJC_LITERAL_CONVERSION = YES;
				CLANG_WARN_OBJC_ROOT_CLASS = YES_ERROR;
				CLANG_WARN_RANGE_LOOP_ANALYSIS = YES;
				CLANG_WARN_STRICT_PROTOTYPES = YES;
				CLANG_WARN_SUSPICIOUS_MOVE = YES;
				CLANG_WARN_UNGUARDED_AVAILABILITY = YES_AGGRESSIVE;
				CLANG_WARN_UNREACHABLE_CODE = YES;
				CLANG_WARN__DUPLICATE_METHOD_MATCH = YES;
				COPY_PHASE_STRIP = NO;
				DEBUG_INFORMATION_FORMAT = "dwarf-with-dsym";
				ENABLE_NS_ASSERTIONS = NO;
				ENABLE_STRICT_OBJC_MSGSEND = YES;
				GCC_C_LANGUAGE_STANDARD = gnu11;
				GCC_NO_COMMON_BLOCKS = YES;
				GCC_WARN_64_TO_32_BIT_CONVERSION = YES;
				GCC_WARN_ABOUT_RETURN_TYPE = YES_ERROR;
				GCC_WARN_UNDECLARED_SELECTOR = YES;
				GCC_WARN_UNINITIALIZED_AUTOS = YES_AGGRESSIVE;
				GCC_WARN_UNUSED_FUNCTION = YES;
				GCC_WARN_UNUSED_VARIABLE = YES;
				IPHONEOS_DEPLOYMENT_TARGET = 13.2;
				MTL_ENABLE_DEBUG_INFO = NO;
				MTL_FAST_MATH = YES;
				SDKROOT = iphoneos;
				SWIFT_COMPILATION_MODE = wholemodule;
				SWIFT_OPTIMIZATION_LEVEL = "-O";
				VALIDATE_PRODUCT = YES;
			};
			name = Release;
		};
		9B05F7E923CD5ABF006E275A /* Debug */ = {
			isa = XCBuildConfiguration;
			buildSettings = {
				ASSETCATALOG_COMPILER_APPICON_NAME = AppIcon;
				CODE_SIGN_STYLE = Automatic;
				INFOPLIST_FILE = iosExercise3/Info.plist;
				LD_RUNPATH_SEARCH_PATHS = (
					"$(inherited)",
					"@executable_path/Frameworks",
				);
				PRODUCT_BUNDLE_IDENTIFIER = CestarCollege.iosExercise3;
				PRODUCT_NAME = "$(TARGET_NAME)";
				SWIFT_VERSION = 5.0;
				TARGETED_DEVICE_FAMILY = "1,2";
			};
			name = Debug;
		};
		9B05F7EA23CD5ABF006E275A /* Release */ = {
			isa = XCBuildConfiguration;
			buildSettings = {
				ASSETCATALOG_COMPILER_APPICON_NAME = AppIcon;
				CODE_SIGN_STYLE = Automatic;
				INFOPLIST_FILE = iosExercise3/Info.plist;
				LD_RUNPATH_SEARCH_PATHS = (
					"$(inherited)",
					"@executable_path/Frameworks",
				);
				PRODUCT_BUNDLE_IDENTIFIER = CestarCollege.iosExercise3;
				PRODUCT_NAME = "$(TARGET_NAME)";
				SWIFT_VERSION = 5.0;
				TARGETED_DEVICE_FAMILY = "1,2";
			};
			name = Release;
		};
		9B05F7EC23CD5ABF006E275A /* Debug */ = {
			isa = XCBuildConfiguration;
			buildSettings = {
				ALWAYS_EMBED_SWIFT_STANDARD_LIBRARIES = YES;
				BUNDLE_LOADER = "$(TEST_HOST)";
				CODE_SIGN_STYLE = Automatic;
				INFOPLIST_FILE = iosExercise3Tests/Info.plist;
				IPHONEOS_DEPLOYMENT_TARGET = 13.2;
				LD_RUNPATH_SEARCH_PATHS = (
					"$(inherited)",
					"@executable_path/Frameworks",
					"@loader_path/Frameworks",
				);
				PRODUCT_BUNDLE_IDENTIFIER = CestarCollege.iosExercise3Tests;
				PRODUCT_NAME = "$(TARGET_NAME)";
				SWIFT_VERSION = 5.0;
				TARGETED_DEVICE_FAMILY = "1,2";
				TEST_HOST = "$(BUILT_PRODUCTS_DIR)/iosExercise3.app/iosExercise3";
			};
			name = Debug;
		};
		9B05F7ED23CD5ABF006E275A /* Release */ = {
			isa = XCBuildConfiguration;
			buildSettings = {
				ALWAYS_EMBED_SWIFT_STANDARD_LIBRARIES = YES;
				BUNDLE_LOADER = "$(TEST_HOST)";
				CODE_SIGN_STYLE = Automatic;
				INFOPLIST_FILE = iosExercise3Tests/Info.plist;
				IPHONEOS_DEPLOYMENT_TARGET = 13.2;
				LD_RUNPATH_SEARCH_PATHS = (
					"$(inherited)",
					"@executable_path/Frameworks",
					"@loader_path/Frameworks",
				);
				PRODUCT_BUNDLE_IDENTIFIER = CestarCollege.iosExercise3Tests;
				PRODUCT_NAME = "$(TARGET_NAME)";
				SWIFT_VERSION = 5.0;
				TARGETED_DEVICE_FAMILY = "1,2";
				TEST_HOST = "$(BUILT_PRODUCTS_DIR)/iosExercise3.app/iosExercise3";
			};
			name = Release;
		};
		9B05F7EF23CD5ABF006E275A /* Debug */ = {
			isa = XCBuildConfiguration;
			buildSettings = {
				ALWAYS_EMBED_SWIFT_STANDARD_LIBRARIES = YES;
				CODE_SIGN_STYLE = Automatic;
				INFOPLIST_FILE = iosExercise3UITests/Info.plist;
				LD_RUNPATH_SEARCH_PATHS = (
					"$(inherited)",
					"@executable_path/Frameworks",
					"@loader_path/Frameworks",
				);
				PRODUCT_BUNDLE_IDENTIFIER = CestarCollege.iosExercise3UITests;
				PRODUCT_NAME = "$(TARGET_NAME)";
				SWIFT_VERSION = 5.0;
				TARGETED_DEVICE_FAMILY = "1,2";
				TEST_TARGET_NAME = iosExercise3;
			};
			name = Debug;
		};
		9B05F7F023CD5ABF006E275A /* Release */ = {
			isa = XCBuildConfiguration;
			buildSettings = {
				ALWAYS_EMBED_SWIFT_STANDARD_LIBRARIES = YES;
				CODE_SIGN_STYLE = Automatic;
				INFOPLIST_FILE = iosExercise3UITests/Info.plist;
				LD_RUNPATH_SEARCH_PATHS = (
					"$(inherited)",
					"@executable_path/Frameworks",
					"@loader_path/Frameworks",
				);
				PRODUCT_BUNDLE_IDENTIFIER = CestarCollege.iosExercise3UITests;
				PRODUCT_NAME = "$(TARGET_NAME)";
				SWIFT_VERSION = 5.0;
				TARGETED_DEVICE_FAMILY = "1,2";
				TEST_TARGET_NAME = iosExercise3;
			};
			name = Release;
		};
/* End XCBuildConfiguration section */

/* Begin XCConfigurationList section */
		9B05F7B923CD5ABC006E275A /* Build configuration list for PBXProject "iosExercise3" */ = {
			isa = XCConfigurationList;
			buildConfigurations = (
				9B05F7E623CD5ABF006E275A /* Debug */,
				9B05F7E723CD5ABF006E275A /* Release */,
			);
			defaultConfigurationIsVisible = 0;
			defaultConfigurationName = Release;
		};
		9B05F7E823CD5ABF006E275A /* Build configuration list for PBXNativeTarget "iosExercise3" */ = {
			isa = XCConfigurationList;
			buildConfigurations = (
				9B05F7E923CD5ABF006E275A /* Debug */,
				9B05F7EA23CD5ABF006E275A /* Release */,
			);
			defaultConfigurationIsVisible = 0;
			defaultConfigurationName = Release;
		};
		9B05F7EB23CD5ABF006E275A /* Build configuration list for PBXNativeTarget "iosExercise3Tests" */ = {
			isa = XCConfigurationList;
			buildConfigurations = (
				9B05F7EC23CD5ABF006E275A /* Debug */,
				9B05F7ED23CD5ABF006E275A /* Release */,
			);
			defaultConfigurationIsVisible = 0;
			defaultConfigurationName = Release;
		};
		9B05F7EE23CD5ABF006E275A /* Build configuration list for PBXNativeTarget "iosExercise3UITests" */ = {
			isa = XCConfigurationList;
			buildConfigurations = (
				9B05F7EF23CD5ABF006E275A /* Debug */,
				9B05F7F023CD5ABF006E275A /* Release */,
			);
			defaultConfigurationIsVisible = 0;
			defaultConfigurationName = Release;
		};
/* End XCConfigurationList section */
	};
	rootObject = 9B05F7B623CD5ABC006E275A /* Project object */;
}
